
Microsoft Visual Studio Solution File, Format Version 12.00
# Visual Studio Version 16
VisualStudioVersion = 16.0.31112.23
MinimumVisualStudioVersion = 10.0.40219.1
Project("{9A19103F-16F7-4668-BE54-9A1E7A4F7556}") = "UserMicroservice.Core", "UserMicroservice.Model\UserMicroservice.Core.csproj", "{BFB9ED79-02E4-4FB9-B7E3-0CD0FCA30B45}"
EndProject
Project("{9A19103F-16F7-4668-BE54-9A1E7A4F7556}") = "PostMicroservice.Core", "PostMicroservice.Model\PostMicroservice.Core.csproj", "{05919578-F305-4ADF-929E-D92AAA1FA367}"
EndProject
Project("{2150E333-8FDC-42A3-9474-1A3956D46DE8}") = "UserMicroservice", "UserMicroservice", "{68A5429C-B35B-4979-AAD7-9B45AABF583A}"
EndProject
Project("{2150E333-8FDC-42A3-9474-1A3956D46DE8}") = "PostMicroservice", "PostMicroservice", "{1B730D1A-61C0-4C62-BFE0-84DE7D5DF6A2}"
EndProject
Project("{2150E333-8FDC-42A3-9474-1A3956D46DE8}") = "StoryMicroservice", "StoryMicroservice", "{020ADCE7-8F91-45E1-8BA9-805ED8428E6B}"
EndProject
Project("{2150E333-8FDC-42A3-9474-1A3956D46DE8}") = "ReportMicroservice", "ReportMicroservice", "{02C7CE67-590D-4704-9D7A-387BF916DA51}"
EndProject
Project("{2150E333-8FDC-42A3-9474-1A3956D46DE8}") = "ChatMicroservice", "ChatMicroservice", "{5E2AA832-255E-4620-B59D-5FF0A9C61F93}"
EndProject
Project("{2150E333-8FDC-42A3-9474-1A3956D46DE8}") = "CampaignMicroservice", "CampaignMicroservice", "{C867EDE4-9859-4005-9C5E-814FE2459522}"
EndProject
Project("{2150E333-8FDC-42A3-9474-1A3956D46DE8}") = "NotificationMicroservice", "NotificationMicroservice", "{61C45D42-C238-472C-B3DE-7E8FD9273BC3}"
EndProject
Project("{9A19103F-16F7-4668-BE54-9A1E7A4F7556}") = "CampaignMicroservice.Core", "CampaignMicroservice.Model\CampaignMicroservice.Core.csproj", "{5F337044-C514-4125-AC9D-E4CA4C7E6904}"
EndProject
Project("{9A19103F-16F7-4668-BE54-9A1E7A4F7556}") = "ChatMicroservice.Core", "ChatMicroservice.Model\ChatMicroservice.Core.csproj", "{E2001C77-131E-454C-828A-4A0927A9E799}"
EndProject
Project("{9A19103F-16F7-4668-BE54-9A1E7A4F7556}") = "ReportMicroservice.Core", "ReportMicroservice.Model\ReportMicroservice.Core.csproj", "{2C822B23-075D-4FB4-8DCB-342D802ACB11}"
EndProject
Project("{9A19103F-16F7-4668-BE54-9A1E7A4F7556}") = "StoryMicroservice.Core", "StoryMicroservice.Model\StoryMicroservice.Core.csproj", "{D8326992-ED3F-4BA1-9BFE-FCE39721EB2C}"
EndProject
Project("{9A19103F-16F7-4668-BE54-9A1E7A4F7556}") = "ChatMicroservice.DataAccess", "ChatMicroservice.DataAccess\ChatMicroservice.DataAccess.csproj", "{B2ADD429-BD8F-4A14-A0AE-9F3EFD01ABD8}"
EndProject
Project("{9A19103F-16F7-4668-BE54-9A1E7A4F7556}") = "PostMicroservice.DataAccess", "PostMicroservice.DataAccess\PostMicroservice.DataAccess.csproj", "{4B410908-D0FA-4F46-A5C9-EF7442EFDB92}"
EndProject
Project("{9A19103F-16F7-4668-BE54-9A1E7A4F7556}") = "ReportMicroservice.DataAccess", "ReportMicroservice.DataAccess\ReportMicroservice.DataAccess.csproj", "{2224EC36-5F2C-4D06-B5B9-1A0AF0631DB1}"
EndProject
Project("{9A19103F-16F7-4668-BE54-9A1E7A4F7556}") = "UserMicroservice.DataAccess", "UserMicroservice.DataAccess\UserMicroservice.DataAccess.csproj", "{949BC043-C496-4E11-B194-CEEEBA67C7D4}"
EndProject
Project("{9A19103F-16F7-4668-BE54-9A1E7A4F7556}") = "CampaignMicroservice.Api", "CampaignMicroservice.Api\CampaignMicroservice.Api.csproj", "{144705B9-5551-4964-82F0-CFA28F9121EC}"
EndProject
Project("{9A19103F-16F7-4668-BE54-9A1E7A4F7556}") = "ChatMicroservice.Api", "ChatMicroservice.Api\ChatMicroservice.Api.csproj", "{3DEA6660-BF8D-4286-97C1-C4A6039B8DD8}"
EndProject
Project("{9A19103F-16F7-4668-BE54-9A1E7A4F7556}") = "NotificationMicroservice.Api", "NotificationMicroservice.Api\NotificationMicroservice.Api.csproj", "{2F33606F-53B5-472A-B914-FC35DCEB5689}"
EndProject
Project("{9A19103F-16F7-4668-BE54-9A1E7A4F7556}") = "PostMicroservice.Api", "PostMicroservice.Api\PostMicroservice.Api.csproj", "{95E7A9B8-A772-44C7-88A7-9D19BB377AE1}"
EndProject
Project("{9A19103F-16F7-4668-BE54-9A1E7A4F7556}") = "ReportMicroservice.Api", "ReportMicroservice.Api\ReportMicroservice.Api.csproj", "{C948A89B-7358-46D5-8832-435DDF45EF64}"
EndProject
Project("{9A19103F-16F7-4668-BE54-9A1E7A4F7556}") = "StoryMicroservice.Api", "StoryMicroservice.Api\StoryMicroservice.Api.csproj", "{5919CD99-C013-46EA-85F4-D90A9123ACBE}"
EndProject
Project("{9A19103F-16F7-4668-BE54-9A1E7A4F7556}") = "UserMicroservice.Api", "UserMicroservice.Api\UserMicroservice.Api.csproj", "{F9B37E58-1C41-4C5D-92B2-1F36ECCD6A4A}"
EndProject
Project("{9A19103F-16F7-4668-BE54-9A1E7A4F7556}") = "NotificationMicroservice.Core", "NotificationMicroservice.Model\NotificationMicroservice.Core.csproj", "{EBB31F9A-DCFF-4279-AF9E-D6B171B8C6AE}"
EndProject
Project("{9A19103F-16F7-4668-BE54-9A1E7A4F7556}") = "NotificationMicroservice.DataAccess", "NotificationMicroservice.DataAccess\NotificationMicroservice.DataAccess.csproj", "{80D70AEE-472F-4255-A21F-3A51C912618E}"
EndProject
Project("{9A19103F-16F7-4668-BE54-9A1E7A4F7556}") = "StoryMicroservice.DataAccess", "StoryMicroservice.DataAccess\StoryMicroservice.DataAccess.csproj", "{DC82C225-DDE7-4D03-905D-9A533F9B3673}"
EndProject
Project("{9A19103F-16F7-4668-BE54-9A1E7A4F7556}") = "APIGateway", "APIGateway\APIGateway.csproj", "{ECA25C99-5AEE-4FB3-8F17-7F65167CEA18}"
EndProject
Project("{9A19103F-16F7-4668-BE54-9A1E7A4F7556}") = "Shared.Contracts", "Shared.Contracts\Shared.Contracts.csproj", "{80B0DCC4-1182-4D3C-8056-EF3B5260863B}"
EndProject
Project("{9A19103F-16F7-4668-BE54-9A1E7A4F7556}") = "CampaignMicoservice.DataAccess", "CampaignMicroservice.DataAccess\CampaignMicoservice.DataAccess.csproj", "{3A74ADC9-0EE1-442D-829F-7DA8C1A5814D}"
EndProject
Global
	GlobalSection(SolutionConfigurationPlatforms) = preSolution
		Debug|Any CPU = Debug|Any CPU
		Release|Any CPU = Release|Any CPU
	EndGlobalSection
	GlobalSection(ProjectConfigurationPlatforms) = postSolution
		{BFB9ED79-02E4-4FB9-B7E3-0CD0FCA30B45}.Debug|Any CPU.ActiveCfg = Debug|Any CPU
		{BFB9ED79-02E4-4FB9-B7E3-0CD0FCA30B45}.Debug|Any CPU.Build.0 = Debug|Any CPU
		{BFB9ED79-02E4-4FB9-B7E3-0CD0FCA30B45}.Release|Any CPU.ActiveCfg = Release|Any CPU
		{BFB9ED79-02E4-4FB9-B7E3-0CD0FCA30B45}.Release|Any CPU.Build.0 = Release|Any CPU
		{05919578-F305-4ADF-929E-D92AAA1FA367}.Debug|Any CPU.ActiveCfg = Debug|Any CPU
		{05919578-F305-4ADF-929E-D92AAA1FA367}.Debug|Any CPU.Build.0 = Debug|Any CPU
		{05919578-F305-4ADF-929E-D92AAA1FA367}.Release|Any CPU.ActiveCfg = Release|Any CPU
		{05919578-F305-4ADF-929E-D92AAA1FA367}.Release|Any CPU.Build.0 = Release|Any CPU
		{5F337044-C514-4125-AC9D-E4CA4C7E6904}.Debug|Any CPU.ActiveCfg = Debug|Any CPU
		{5F337044-C514-4125-AC9D-E4CA4C7E6904}.Debug|Any CPU.Build.0 = Debug|Any CPU
		{5F337044-C514-4125-AC9D-E4CA4C7E6904}.Release|Any CPU.ActiveCfg = Release|Any CPU
		{5F337044-C514-4125-AC9D-E4CA4C7E6904}.Release|Any CPU.Build.0 = Release|Any CPU
		{E2001C77-131E-454C-828A-4A0927A9E799}.Debug|Any CPU.ActiveCfg = Debug|Any CPU
		{E2001C77-131E-454C-828A-4A0927A9E799}.Debug|Any CPU.Build.0 = Debug|Any CPU
		{E2001C77-131E-454C-828A-4A0927A9E799}.Release|Any CPU.ActiveCfg = Release|Any CPU
		{E2001C77-131E-454C-828A-4A0927A9E799}.Release|Any CPU.Build.0 = Release|Any CPU
		{2C822B23-075D-4FB4-8DCB-342D802ACB11}.Debug|Any CPU.ActiveCfg = Debug|Any CPU
		{2C822B23-075D-4FB4-8DCB-342D802ACB11}.Debug|Any CPU.Build.0 = Debug|Any CPU
		{2C822B23-075D-4FB4-8DCB-342D802ACB11}.Release|Any CPU.ActiveCfg = Release|Any CPU
		{2C822B23-075D-4FB4-8DCB-342D802ACB11}.Release|Any CPU.Build.0 = Release|Any CPU
		{D8326992-ED3F-4BA1-9BFE-FCE39721EB2C}.Debug|Any CPU.ActiveCfg = Debug|Any CPU
		{D8326992-ED3F-4BA1-9BFE-FCE39721EB2C}.Debug|Any CPU.Build.0 = Debug|Any CPU
		{D8326992-ED3F-4BA1-9BFE-FCE39721EB2C}.Release|Any CPU.ActiveCfg = Release|Any CPU
		{D8326992-ED3F-4BA1-9BFE-FCE39721EB2C}.Release|Any CPU.Build.0 = Release|Any CPU
		{B2ADD429-BD8F-4A14-A0AE-9F3EFD01ABD8}.Debug|Any CPU.ActiveCfg = Debug|Any CPU
		{B2ADD429-BD8F-4A14-A0AE-9F3EFD01ABD8}.Debug|Any CPU.Build.0 = Debug|Any CPU
		{B2ADD429-BD8F-4A14-A0AE-9F3EFD01ABD8}.Release|Any CPU.ActiveCfg = Release|Any CPU
		{B2ADD429-BD8F-4A14-A0AE-9F3EFD01ABD8}.Release|Any CPU.Build.0 = Release|Any CPU
		{4B410908-D0FA-4F46-A5C9-EF7442EFDB92}.Debug|Any CPU.ActiveCfg = Debug|Any CPU
		{4B410908-D0FA-4F46-A5C9-EF7442EFDB92}.Debug|Any CPU.Build.0 = Debug|Any CPU
		{4B410908-D0FA-4F46-A5C9-EF7442EFDB92}.Release|Any CPU.ActiveCfg = Release|Any CPU
		{4B410908-D0FA-4F46-A5C9-EF7442EFDB92}.Release|Any CPU.Build.0 = Release|Any CPU
		{2224EC36-5F2C-4D06-B5B9-1A0AF0631DB1}.Debug|Any CPU.ActiveCfg = Debug|Any CPU
		{2224EC36-5F2C-4D06-B5B9-1A0AF0631DB1}.Debug|Any CPU.Build.0 = Debug|Any CPU
		{2224EC36-5F2C-4D06-B5B9-1A0AF0631DB1}.Release|Any CPU.ActiveCfg = Release|Any CPU
		{2224EC36-5F2C-4D06-B5B9-1A0AF0631DB1}.Release|Any CPU.Build.0 = Release|Any CPU
		{949BC043-C496-4E11-B194-CEEEBA67C7D4}.Debug|Any CPU.ActiveCfg = Debug|Any CPU
		{949BC043-C496-4E11-B194-CEEEBA67C7D4}.Debug|Any CPU.Build.0 = Debug|Any CPU
		{949BC043-C496-4E11-B194-CEEEBA67C7D4}.Release|Any CPU.ActiveCfg = Release|Any CPU
		{949BC043-C496-4E11-B194-CEEEBA67C7D4}.Release|Any CPU.Build.0 = Release|Any CPU
		{144705B9-5551-4964-82F0-CFA28F9121EC}.Debug|Any CPU.ActiveCfg = Debug|Any CPU
		{144705B9-5551-4964-82F0-CFA28F9121EC}.Debug|Any CPU.Build.0 = Debug|Any CPU
		{144705B9-5551-4964-82F0-CFA28F9121EC}.Release|Any CPU.ActiveCfg = Release|Any CPU
		{144705B9-5551-4964-82F0-CFA28F9121EC}.Release|Any CPU.Build.0 = Release|Any CPU
		{3DEA6660-BF8D-4286-97C1-C4A6039B8DD8}.Debug|Any CPU.ActiveCfg = Debug|Any CPU
		{3DEA6660-BF8D-4286-97C1-C4A6039B8DD8}.Debug|Any CPU.Build.0 = Debug|Any CPU
		{3DEA6660-BF8D-4286-97C1-C4A6039B8DD8}.Release|Any CPU.ActiveCfg = Release|Any CPU
		{3DEA6660-BF8D-4286-97C1-C4A6039B8DD8}.Release|Any CPU.Build.0 = Release|Any CPU
		{2F33606F-53B5-472A-B914-FC35DCEB5689}.Debug|Any CPU.ActiveCfg = Debug|Any CPU
		{2F33606F-53B5-472A-B914-FC35DCEB5689}.Debug|Any CPU.Build.0 = Debug|Any CPU
		{2F33606F-53B5-472A-B914-FC35DCEB5689}.Release|Any CPU.ActiveCfg = Release|Any CPU
		{2F33606F-53B5-472A-B914-FC35DCEB5689}.Release|Any CPU.Build.0 = Release|Any CPU
		{95E7A9B8-A772-44C7-88A7-9D19BB377AE1}.Debug|Any CPU.ActiveCfg = Debug|Any CPU
		{95E7A9B8-A772-44C7-88A7-9D19BB377AE1}.Debug|Any CPU.Build.0 = Debug|Any CPU
		{95E7A9B8-A772-44C7-88A7-9D19BB377AE1}.Release|Any CPU.ActiveCfg = Release|Any CPU
		{95E7A9B8-A772-44C7-88A7-9D19BB377AE1}.Release|Any CPU.Build.0 = Release|Any CPU
		{C948A89B-7358-46D5-8832-435DDF45EF64}.Debug|Any CPU.ActiveCfg = Debug|Any CPU
		{C948A89B-7358-46D5-8832-435DDF45EF64}.Debug|Any CPU.Build.0 = Debug|Any CPU
		{C948A89B-7358-46D5-8832-435DDF45EF64}.Release|Any CPU.ActiveCfg = Release|Any CPU
		{C948A89B-7358-46D5-8832-435DDF45EF64}.Release|Any CPU.Build.0 = Release|Any CPU
		{5919CD99-C013-46EA-85F4-D90A9123ACBE}.Debug|Any CPU.ActiveCfg = Debug|Any CPU
		{5919CD99-C013-46EA-85F4-D90A9123ACBE}.Debug|Any CPU.Build.0 = Debug|Any CPU
		{5919CD99-C013-46EA-85F4-D90A9123ACBE}.Release|Any CPU.ActiveCfg = Release|Any CPU
		{5919CD99-C013-46EA-85F4-D90A9123ACBE}.Release|Any CPU.Build.0 = Release|Any CPU
		{F9B37E58-1C41-4C5D-92B2-1F36ECCD6A4A}.Debug|Any CPU.ActiveCfg = Debug|Any CPU
		{F9B37E58-1C41-4C5D-92B2-1F36ECCD6A4A}.Debug|Any CPU.Build.0 = Debug|Any CPU
		{F9B37E58-1C41-4C5D-92B2-1F36ECCD6A4A}.Release|Any CPU.ActiveCfg = Release|Any CPU
		{F9B37E58-1C41-4C5D-92B2-1F36ECCD6A4A}.Release|Any CPU.Build.0 = Release|Any CPU
		{EBB31F9A-DCFF-4279-AF9E-D6B171B8C6AE}.Debug|Any CPU.ActiveCfg = Debug|Any CPU
		{EBB31F9A-DCFF-4279-AF9E-D6B171B8C6AE}.Debug|Any CPU.Build.0 = Debug|Any CPU
		{EBB31F9A-DCFF-4279-AF9E-D6B171B8C6AE}.Release|Any CPU.ActiveCfg = Release|Any CPU
		{EBB31F9A-DCFF-4279-AF9E-D6B171B8C6AE}.Release|Any CPU.Build.0 = Release|Any CPU
		{80D70AEE-472F-4255-A21F-3A51C912618E}.Debug|Any CPU.ActiveCfg = Debug|Any CPU
		{80D70AEE-472F-4255-A21F-3A51C912618E}.Debug|Any CPU.Build.0 = Debug|Any CPU
		{80D70AEE-472F-4255-A21F-3A51C912618E}.Release|Any CPU.ActiveCfg = Release|Any CPU
		{80D70AEE-472F-4255-A21F-3A51C912618E}.Release|Any CPU.Build.0 = Release|Any CPU
		{DC82C225-DDE7-4D03-905D-9A533F9B3673}.Debug|Any CPU.ActiveCfg = Debug|Any CPU
		{DC82C225-DDE7-4D03-905D-9A533F9B3673}.Debug|Any CPU.Build.0 = Debug|Any CPU
		{DC82C225-DDE7-4D03-905D-9A533F9B3673}.Release|Any CPU.ActiveCfg = Release|Any CPU
		{DC82C225-DDE7-4D03-905D-9A533F9B3673}.Release|Any CPU.Build.0 = Release|Any CPU
		{ECA25C99-5AEE-4FB3-8F17-7F65167CEA18}.Debug|Any CPU.ActiveCfg = Debug|Any CPU
		{ECA25C99-5AEE-4FB3-8F17-7F65167CEA18}.Debug|Any CPU.Build.0 = Debug|Any CPU
		{ECA25C99-5AEE-4FB3-8F17-7F65167CEA18}.Release|Any CPU.ActiveCfg = Release|Any CPU
		{ECA25C99-5AEE-4FB3-8F17-7F65167CEA18}.Release|Any CPU.Build.0 = Release|Any CPU
		{80B0DCC4-1182-4D3C-8056-EF3B5260863B}.Debug|Any CPU.ActiveCfg = Debug|Any CPU
		{80B0DCC4-1182-4D3C-8056-EF3B5260863B}.Debug|Any CPU.Build.0 = Debug|Any CPU
		{80B0DCC4-1182-4D3C-8056-EF3B5260863B}.Release|Any CPU.ActiveCfg = Release|Any CPU
		{80B0DCC4-1182-4D3C-8056-EF3B5260863B}.Release|Any CPU.Build.0 = Release|Any CPU
		{3A74ADC9-0EE1-442D-829F-7DA8C1A5814D}.Debug|Any CPU.ActiveCfg = Debug|Any CPU
		{3A74ADC9-0EE1-442D-829F-7DA8C1A5814D}.Debug|Any CPU.Build.0 = Debug|Any CPU
		{3A74ADC9-0EE1-442D-829F-7DA8C1A5814D}.Release|Any CPU.ActiveCfg = Release|Any CPU
		{3A74ADC9-0EE1-442D-829F-7DA8C1A5814D}.Release|Any CPU.Build.0 = Release|Any CPU
	EndGlobalSection
	GlobalSection(SolutionProperties) = preSolution
		HideSolutionNode = FALSE
	EndGlobalSection
	GlobalSection(NestedProjects) = preSolution
		{BFB9ED79-02E4-4FB9-B7E3-0CD0FCA30B45} = {68A5429C-B35B-4979-AAD7-9B45AABF583A}
		{05919578-F305-4ADF-929E-D92AAA1FA367} = {1B730D1A-61C0-4C62-BFE0-84DE7D5DF6A2}
		{5F337044-C514-4125-AC9D-E4CA4C7E6904} = {C867EDE4-9859-4005-9C5E-814FE2459522}
		{E2001C77-131E-454C-828A-4A0927A9E799} = {5E2AA832-255E-4620-B59D-5FF0A9C61F93}
		{2C822B23-075D-4FB4-8DCB-342D802ACB11} = {02C7CE67-590D-4704-9D7A-387BF916DA51}
		{D8326992-ED3F-4BA1-9BFE-FCE39721EB2C} = {020ADCE7-8F91-45E1-8BA9-805ED8428E6B}
		{B2ADD429-BD8F-4A14-A0AE-9F3EFD01ABD8} = {5E2AA832-255E-4620-B59D-5FF0A9C61F93}
		{4B410908-D0FA-4F46-A5C9-EF7442EFDB92} = {1B730D1A-61C0-4C62-BFE0-84DE7D5DF6A2}
		{2224EC36-5F2C-4D06-B5B9-1A0AF0631DB1} = {02C7CE67-590D-4704-9D7A-387BF916DA51}
		{949BC043-C496-4E11-B194-CEEEBA67C7D4} = {68A5429C-B35B-4979-AAD7-9B45AABF583A}
		{144705B9-5551-4964-82F0-CFA28F9121EC} = {C867EDE4-9859-4005-9C5E-814FE2459522}
		{3DEA6660-BF8D-4286-97C1-C4A6039B8DD8} = {5E2AA832-255E-4620-B59D-5FF0A9C61F93}
		{2F33606F-53B5-472A-B914-FC35DCEB5689} = {61C45D42-C238-472C-B3DE-7E8FD9273BC3}
		{95E7A9B8-A772-44C7-88A7-9D19BB377AE1} = {1B730D1A-61C0-4C62-BFE0-84DE7D5DF6A2}
		{C948A89B-7358-46D5-8832-435DDF45EF64} = {02C7CE67-590D-4704-9D7A-387BF916DA51}
		{5919CD99-C013-46EA-85F4-D90A9123ACBE} = {020ADCE7-8F91-45E1-8BA9-805ED8428E6B}
		{F9B37E58-1C41-4C5D-92B2-1F36ECCD6A4A} = {68A5429C-B35B-4979-AAD7-9B45AABF583A}
		{EBB31F9A-DCFF-4279-AF9E-D6B171B8C6AE} = {61C45D42-C238-472C-B3DE-7E8FD9273BC3}
		{80D70AEE-472F-4255-A21F-3A51C912618E} = {61C45D42-C238-472C-B3DE-7E8FD9273BC3}
		{DC82C225-DDE7-4D03-905D-9A533F9B3673} = {020ADCE7-8F91-45E1-8BA9-805ED8428E6B}
		{3A74ADC9-0EE1-442D-829F-7DA8C1A5814D} = {C867EDE4-9859-4005-9C5E-814FE2459522}
	EndGlobalSection
	GlobalSection(ExtensibilityGlobals) = postSolution
		SolutionGuid = {AF3512A3-D295-4B9B-AB20-5CACC02E7F7B}
	EndGlobalSection
EndGlobal
